PODS:
  - Alamofire (4.0.0)
  - Moya (8.0.0-beta.2):
    - Moya/Core (= 8.0.0-beta.2)
  - Moya/Core (8.0.0-beta.2):
    - Alamofire (~> 4.0.0)
    - Result
  - Result (3.0.0)

DEPENDENCIES:
  - Moya (from `https://github.com/Moya/Moya`)

EXTERNAL SOURCES:
  Moya:
    :git: https://github.com/Moya/Moya

CHECKOUT OPTIONS:
  Moya:
    :commit: 25b8072a2cffa3baff3aea90ed94afed2c03b076
    :git: https://github.com/Moya/Moya

SPEC CHECKSUMS:
  Alamofire: fef59f00388f267e52d9b432aa5d93dc97190f14
  Moya: 920d40f738e6f4ece84010cec701bb9693be8251
  Result: 1b3e431f37cbcd3ad89c6aa9ab0ae55515fae3b6

PODFILE CHECKSUM: 8077ea44839b3cb00bfd0eb65cff1ffb33ba5559

COCOAPODS: 1.1.0.rc.2
